
Microsoft Visual Studio Solution File, Format Version 12.00
# Visual Studio Version 17
VisualStudioVersion = 17.0.31903.59
MinimumVisualStudioVersion = 10.0.40219.1
Project("{2150E333-8FDC-42A3-9474-1A3956D46DE8}") = "src", "src", "{516B11B9-4386-4C0F-A084-E5763EE38905}"
EndProject
Project("{2150E333-8FDC-42A3-9474-1A3956D46DE8}") = "Modules", "Modules", "{C4CA5383-C9D8-4436-8906-9EA6B54E4FC1}"
EndProject
Project("{2150E333-8FDC-42A3-9474-1A3956D46DE8}") = "Core", "Core", "{5FBDFF5E-BDA5-4FB2-8A91-297CA7052333}"
EndProject
Project("{2150E333-8FDC-42A3-9474-1A3956D46DE8}") = "Host", "Host", "{C84520E5-0AA6-4078-8D00-BB45F8E5E437}"
EndProject
Project("{FAE04EC0-301F-11D3-BF4B-00C04F79EFBC}") = "Soul.Shop.Api", "src\Host\Soul.Shop.Api\Soul.Shop.Api.csproj", "{59B6732E-6E45-4F92-AECE-39844F69504A}"
EndProject
Project("{FAE04EC0-301F-11D3-BF4B-00C04F79EFBC}") = "Soul.Shop.Infrastructure", "src\Core\Soul.Shop.Infrastructure\Soul.Shop.Infrastructure.csproj", "{97F07244-BC97-4618-960C-54AAD3B5CDC9}"
EndProject
Project("{2150E333-8FDC-42A3-9474-1A3956D46DE8}") = "Auth", "Auth", "{68FCC641-D4C2-4BAA-B0D4-0A365C31A574}"
EndProject
Project("{2150E333-8FDC-42A3-9474-1A3956D46DE8}") = "Email", "Email", "{7E6CD1E6-51FF-499D-AFF3-3D5FECA23FD2}"
EndProject
Project("{2150E333-8FDC-42A3-9474-1A3956D46DE8}") = "MessageBus", "MessageBus", "{843E511A-9F81-4E37-8646-8A7B810B179F}"
EndProject
Project("{2150E333-8FDC-42A3-9474-1A3956D46DE8}") = "PaymentGateway", "PaymentGateway", "{52A6BFBF-EB03-4964-89F5-2B8E80A80697}"
EndProject
Project("{2150E333-8FDC-42A3-9474-1A3956D46DE8}") = "Data", "Data", "{29053304-9593-486D-8EAE-8708E94E5CAB}"
EndProject
Project("{2150E333-8FDC-42A3-9474-1A3956D46DE8}") = "Schedule", "Schedule", "{7CCF3E3A-B9EA-4C02-A3B8-97845595498F}"
EndProject
Project("{2150E333-8FDC-42A3-9474-1A3956D46DE8}") = "Storage", "Storage", "{A2274651-916C-4AA1-BF69-20F3FEB2A80F}"
EndProject
Project("{2150E333-8FDC-42A3-9474-1A3956D46DE8}") = "Core", "Core", "{9D3C6139-5043-4BFE-820F-96A160275993}"
EndProject
Project("{2150E333-8FDC-42A3-9474-1A3956D46DE8}") = "Feedback", "Feedback", "{402BB2E9-015C-4A02-BD12-73702F4EE770}"
EndProject
Project("{2150E333-8FDC-42A3-9474-1A3956D46DE8}") = "Catalog", "Catalog", "{5D1A1941-7696-4C7A-87C5-D8E841816C28}"
EndProject
Project("{2150E333-8FDC-42A3-9474-1A3956D46DE8}") = "Inventory", "Inventory", "{939C41B6-A50A-4373-B9FA-19C101E892A6}"
EndProject
Project("{2150E333-8FDC-42A3-9474-1A3956D46DE8}") = "Orders", "Orders", "{D7DDAC7A-F6EC-4DCC-BB6E-53D81D613447}"
EndProject
Project("{2150E333-8FDC-42A3-9474-1A3956D46DE8}") = "Shipments", "Shipments", "{E1B0FCB1-62B5-4BC1-8E97-E688E12ECC24}"
EndProject
Project("{2150E333-8FDC-42A3-9474-1A3956D46DE8}") = "Reviews", "Reviews", "{BBCF52F1-3E1D-4AF6-9357-7DBB013A0538}"
EndProject
Project("{2150E333-8FDC-42A3-9474-1A3956D46DE8}") = "Shipping", "Shipping", "{F82CB4CC-E413-49DE-8087-B6FE70A5666B}"
EndProject
Project("{2150E333-8FDC-42A3-9474-1A3956D46DE8}") = "Carts", "Carts", "{D27BAE84-3B4E-430A-B18F-5BAD45AA3F6D}"
EndProject
Project("{FAE04EC0-301F-11D3-BF4B-00C04F79EFBC}") = "Soul.Shop.Module.Core.Abstractions", "src\Modules\Core\Soul.Shop.Module.Core.Abstractions\Soul.Shop.Module.Core.Abstractions.csproj", "{E1CD3CD4-E374-4F1C-A2E4-7F2CAB116E1D}"
EndProject
Project("{FAE04EC0-301F-11D3-BF4B-00C04F79EFBC}") = "Soul.Shop.Module.Core", "src\Modules\Core\Soul.Shop.Module.Core\Soul.Shop.Module.Core.csproj", "{8E2D7339-6AEE-42D7-B0D2-31D06445738D}"
EndProject
Project("{FAE04EC0-301F-11D3-BF4B-00C04F79EFBC}") = "Soul.Shop.Module.Catalog.Abstractions", "src\Modules\Catalog\Soul.Shop.Module.Catalog.Abstractions\Soul.Shop.Module.Catalog.Abstractions.csproj", "{61DE2904-13D0-4D46-B94B-ED59F47EF3D0}"
EndProject
Project("{FAE04EC0-301F-11D3-BF4B-00C04F79EFBC}") = "Soul.Shop.Module.Catalog", "src\Modules\Catalog\Soul.Shop.Module.Catalog\Soul.Shop.Module.Catalog.csproj", "{4A8EEFB4-AA30-4474-AE59-357B5A44E5B9}"
EndProject
Project("{2150E333-8FDC-42A3-9474-1A3956D46DE8}") = "tests", "tests", "{065373E9-F878-4B27-9434-61ABA5511547}"
EndProject
Project("{FAE04EC0-301F-11D3-BF4B-00C04F79EFBC}") = "Soul.Shop.Tests", "src\tests\Soul.Shop.Tests\Soul.Shop.Tests.csproj", "{4DF4FF1E-A906-4911-9A7E-2C400FC1964E}"
EndProject
Project("{FAE04EC0-301F-11D3-BF4B-00C04F79EFBC}") = "Soul.Shop.Module.Shipments.Abstractions", "src\Modules\Shipments\Soul.Shop.Module.Shipments.Abstractions\Soul.Shop.Module.Shipments.Abstractions.csproj", "{5CD3402E-B376-46B0-9B78-7160E648FF9A}"
EndProject
Project("{FAE04EC0-301F-11D3-BF4B-00C04F79EFBC}") = "Soul.Shop.Module.Shipments", "src\Modules\Shipments\Soul.Shop.Module.Shipments\Soul.Shop.Module.Shipments.csproj", "{2F34BD4E-EAC3-4030-8DFE-47573B477376}"
EndProject
Project("{FAE04EC0-301F-11D3-BF4B-00C04F79EFBC}") = "Soul.Shop.Module.Orders.Abstractions", "src\Modules\Orders\Soul.Shop.Module.Orders.Abstractions\Soul.Shop.Module.Orders.Abstractions.csproj", "{4B4EA906-519C-4D2D-97C8-2F7616E7D281}"
EndProject
Project("{FAE04EC0-301F-11D3-BF4B-00C04F79EFBC}") = "Soul.Shop.Module.Orders", "src\Modules\Orders\Soul.Shop.Module.Orders\Soul.Shop.Module.Orders.csproj", "{4E14810F-7E78-4977-BB6A-377577921D1C}"
EndProject
Project("{FAE04EC0-301F-11D3-BF4B-00C04F79EFBC}") = "Soul.Shop.Module.Feedbacks.Abstractions", "src\Modules\Feedback\Soul.Shop.Module.Feedbacks.Abstractions\Soul.Shop.Module.Feedbacks.Abstractions.csproj", "{0C7CFEB6-4FB7-4E65-8EDF-FB1FEEE9D67D}"
EndProject
Project("{FAE04EC0-301F-11D3-BF4B-00C04F79EFBC}") = "Soul.Shop.Module.Feedbacks", "src\Modules\Feedback\Soul.Shop.Module.Feedbacks\Soul.Shop.Module.Feedbacks.csproj", "{3F9860FB-A26A-4EB0-90AC-B09A84BE3D7A}"
EndProject
Project("{FAE04EC0-301F-11D3-BF4B-00C04F79EFBC}") = "Soul.Shop.Module.Inventory", "src\Modules\Inventory\Soul.Shop.Module.Inventory\Soul.Shop.Module.Inventory.csproj", "{372349DA-594E-4DF1-8189-507A55551DE6}"
EndProject
Project("{FAE04EC0-301F-11D3-BF4B-00C04F79EFBC}") = "Soul.Shop.Module.Inventory.Abstractions", "src\Modules\Inventory\Soul.Shop.Module.Inventory.Abstractions\Soul.Shop.Module.Inventory.Abstractions.csproj", "{B25AF521-5C6F-44FD-B4BD-C87A1E1DE12E}"
EndProject
Project("{FAE04EC0-301F-11D3-BF4B-00C04F79EFBC}") = "Soul.Shop.Module.Shipping", "src\Modules\Shipping\Soul.Shop.Module.Shipping\Soul.Shop.Module.Shipping.csproj", "{83FFF55E-A7E3-434E-A76E-C9CA8E8EAF5E}"
EndProject
Project("{FAE04EC0-301F-11D3-BF4B-00C04F79EFBC}") = "Soul.Shop.Module.Shipping.Abstractions", "src\Modules\Shipping\Soul.Shop.Module.Shipping.Abstractions\Soul.Shop.Module.Shipping.Abstractions.csproj", "{255D25F7-8A2D-4C56-9139-0DEC46DBB45C}"
EndProject
Project("{FAE04EC0-301F-11D3-BF4B-00C04F79EFBC}") = "Soul.Shop.Module.ShoppingCart", "src\Modules\Carts\Soul.Shop.Module.ShoppingCart\Soul.Shop.Module.ShoppingCart.csproj", "{F40A01A1-2F85-46D3-ADC3-93A8BBC2474B}"
EndProject
Project("{FAE04EC0-301F-11D3-BF4B-00C04F79EFBC}") = "Soul.Shop.Module.ShoppingCart.Abstractions", "src\Modules\Carts\Soul.Shop.Module.ShoppingCart.Abstractions\Soul.Shop.Module.ShoppingCart.Abstractions.csproj", "{6D66B2C2-DF51-4641-BD15-BF06F2341BDE}"
EndProject
Project("{FAE04EC0-301F-11D3-BF4B-00C04F79EFBC}") = "Soul.Shop.Module.Reviews.Abstractions", "src\Modules\Reviews\Soul.Shop.Module.Reviews.Abstractions\Soul.Shop.Module.Reviews.Abstractions.csproj", "{C1C9E81A-6D99-46A8-8555-C8DCB3ABB0E9}"
EndProject
Project("{FAE04EC0-301F-11D3-BF4B-00C04F79EFBC}") = "Soul.Shop.Module.Reviews", "src\Modules\Reviews\Soul.Shop.Module.Reviews\Soul.Shop.Module.Reviews.csproj", "{25A194BA-D7A4-4FFC-AC27-059525F40033}"
EndProject
Project("{2150E333-8FDC-42A3-9474-1A3956D46DE8}") = "build", "build", "{19CEAF2E-0461-48D0-A1D0-E69AB845614B}"
	ProjectSection(SolutionItems) = preProject
		build\.dockerignore = build\.dockerignore
	EndProjectSection
EndProject
Project("{2150E333-8FDC-42A3-9474-1A3956D46DE8}") = "SmsSend", "SmsSend", "{B647B436-05D5-4113-AEB6-FB6CBDB27849}"
EndProject
Project("{FAE04EC0-301F-11D3-BF4B-00C04F79EFBC}") = "Soul.Shop.Module.EmailSenderSmtp", "src\Modules\Email\Soul.Shop.Module.EmailSenderSmtp\Soul.Shop.Module.EmailSenderSmtp.csproj", "{D5BFECAF-151A-48B5-B17F-38F5BF561151}"
EndProject
Project("{FAE04EC0-301F-11D3-BF4B-00C04F79EFBC}") = "Soul.Shop.Module.SampleData", "src\Modules\Data\Soul.Shop.Module.SampleData\Soul.Shop.Module.SampleData.csproj", "{21CB73CE-AE7D-417C-8A9D-B3F5ABA6CEC6}"
EndProject
Project("{FAE04EC0-301F-11D3-BF4B-00C04F79EFBC}") = "Soul.Shop.Module.SmsSender", "src\Modules\Soul.Shop.Module.SmsSender\Soul.Shop.Module.SmsSender.csproj", "{1292BD60-2307-4AED-9F5D-857E07A3CB5C}"
EndProject
Project("{2150E333-8FDC-42A3-9474-1A3956D46DE8}") = "docker", "docker", "{5E8851A3-D327-417C-9E60-7D0D12BF106C}"
	ProjectSection(SolutionItems) = preProject
		build\docker\docker-compose.setup.develop.yml = build\docker\docker-compose.setup.develop.yml
		build\docker\docker-compose.setup.staging.yml = build\docker\docker-compose.setup.staging.yml
		build\docker\docker-compose.setup.production.yml = build\docker\docker-compose.setup.production.yml
	EndProjectSection
EndProject
Project("{2150E333-8FDC-42A3-9474-1A3956D46DE8}") = "api", "api", "{21BBE37D-FFA8-4068-912A-356533D89972}"
	ProjectSection(SolutionItems) = preProject
		build\docker\api\docker-compose.api.develop.yml = build\docker\api\docker-compose.api.develop.yml
		build\docker\api\docker-compose.api.staging.yml = build\docker\api\docker-compose.api.staging.yml
		build\docker\api\docker-compose.api.production.yml = build\docker\api\docker-compose.api.production.yml
	EndProjectSection
EndProject
Project("{FAE04EC0-301F-11D3-BF4B-00C04F79EFBC}") = "Soul.Shop.Modules.MessageQueueBus", "src\Modules\Soul.Shop.Modules.MessageQueueBus\Soul.Shop.Modules.MessageQueueBus.csproj", "{51BD6602-0109-49B9-A5AF-3F1336046592}"
EndProject
Project("{FAE04EC0-301F-11D3-BF4B-00C04F79EFBC}") = "Soul.Shop.Modules.MessageQueueBus.Abstractions", "src\Modules\Soul.Shop.Modules.MessageQueueBus.Abstractions\Soul.Shop.Modules.MessageQueueBus.Abstractions.csproj", "{536F9E2A-CF23-4C99-980A-3CAE22D244EA}"
EndProject
Global
	GlobalSection(SolutionConfigurationPlatforms) = preSolution
		Debug|Any CPU = Debug|Any CPU
		Release|Any CPU = Release|Any CPU
	EndGlobalSection
	GlobalSection(SolutionProperties) = preSolution
		HideSolutionNode = FALSE
	EndGlobalSection
	GlobalSection(NestedProjects) = preSolution
		{C4CA5383-C9D8-4436-8906-9EA6B54E4FC1} = {516B11B9-4386-4C0F-A084-E5763EE38905}
		{5FBDFF5E-BDA5-4FB2-8A91-297CA7052333} = {516B11B9-4386-4C0F-A084-E5763EE38905}
		{C84520E5-0AA6-4078-8D00-BB45F8E5E437} = {516B11B9-4386-4C0F-A084-E5763EE38905}
		{59B6732E-6E45-4F92-AECE-39844F69504A} = {C84520E5-0AA6-4078-8D00-BB45F8E5E437}
		{97F07244-BC97-4618-960C-54AAD3B5CDC9} = {5FBDFF5E-BDA5-4FB2-8A91-297CA7052333}
		{68FCC641-D4C2-4BAA-B0D4-0A365C31A574} = {C4CA5383-C9D8-4436-8906-9EA6B54E4FC1}
		{7E6CD1E6-51FF-499D-AFF3-3D5FECA23FD2} = {C4CA5383-C9D8-4436-8906-9EA6B54E4FC1}
		{843E511A-9F81-4E37-8646-8A7B810B179F} = {C4CA5383-C9D8-4436-8906-9EA6B54E4FC1}
		{52A6BFBF-EB03-4964-89F5-2B8E80A80697} = {C4CA5383-C9D8-4436-8906-9EA6B54E4FC1}
		{29053304-9593-486D-8EAE-8708E94E5CAB} = {C4CA5383-C9D8-4436-8906-9EA6B54E4FC1}
		{7CCF3E3A-B9EA-4C02-A3B8-97845595498F} = {C4CA5383-C9D8-4436-8906-9EA6B54E4FC1}
		{A2274651-916C-4AA1-BF69-20F3FEB2A80F} = {C4CA5383-C9D8-4436-8906-9EA6B54E4FC1}
		{9D3C6139-5043-4BFE-820F-96A160275993} = {C4CA5383-C9D8-4436-8906-9EA6B54E4FC1}
		{402BB2E9-015C-4A02-BD12-73702F4EE770} = {C4CA5383-C9D8-4436-8906-9EA6B54E4FC1}
		{5D1A1941-7696-4C7A-87C5-D8E841816C28} = {C4CA5383-C9D8-4436-8906-9EA6B54E4FC1}
		{939C41B6-A50A-4373-B9FA-19C101E892A6} = {C4CA5383-C9D8-4436-8906-9EA6B54E4FC1}
		{D7DDAC7A-F6EC-4DCC-BB6E-53D81D613447} = {C4CA5383-C9D8-4436-8906-9EA6B54E4FC1}
		{E1B0FCB1-62B5-4BC1-8E97-E688E12ECC24} = {C4CA5383-C9D8-4436-8906-9EA6B54E4FC1}
		{BBCF52F1-3E1D-4AF6-9357-7DBB013A0538} = {C4CA5383-C9D8-4436-8906-9EA6B54E4FC1}
		{F82CB4CC-E413-49DE-8087-B6FE70A5666B} = {C4CA5383-C9D8-4436-8906-9EA6B54E4FC1}
		{D27BAE84-3B4E-430A-B18F-5BAD45AA3F6D} = {C4CA5383-C9D8-4436-8906-9EA6B54E4FC1}
		{E1CD3CD4-E374-4F1C-A2E4-7F2CAB116E1D} = {9D3C6139-5043-4BFE-820F-96A160275993}
		{8E2D7339-6AEE-42D7-B0D2-31D06445738D} = {9D3C6139-5043-4BFE-820F-96A160275993}
		{61DE2904-13D0-4D46-B94B-ED59F47EF3D0} = {5D1A1941-7696-4C7A-87C5-D8E841816C28}
		{4A8EEFB4-AA30-4474-AE59-357B5A44E5B9} = {5D1A1941-7696-4C7A-87C5-D8E841816C28}
		{065373E9-F878-4B27-9434-61ABA5511547} = {516B11B9-4386-4C0F-A084-E5763EE38905}
		{4DF4FF1E-A906-4911-9A7E-2C400FC1964E} = {065373E9-F878-4B27-9434-61ABA5511547}
		{5CD3402E-B376-46B0-9B78-7160E648FF9A} = {E1B0FCB1-62B5-4BC1-8E97-E688E12ECC24}
		{2F34BD4E-EAC3-4030-8DFE-47573B477376} = {E1B0FCB1-62B5-4BC1-8E97-E688E12ECC24}
		{4B4EA906-519C-4D2D-97C8-2F7616E7D281} = {D7DDAC7A-F6EC-4DCC-BB6E-53D81D613447}
		{4E14810F-7E78-4977-BB6A-377577921D1C} = {D7DDAC7A-F6EC-4DCC-BB6E-53D81D613447}
		{0C7CFEB6-4FB7-4E65-8EDF-FB1FEEE9D67D} = {402BB2E9-015C-4A02-BD12-73702F4EE770}
		{3F9860FB-A26A-4EB0-90AC-B09A84BE3D7A} = {402BB2E9-015C-4A02-BD12-73702F4EE770}
		{372349DA-594E-4DF1-8189-507A55551DE6} = {939C41B6-A50A-4373-B9FA-19C101E892A6}
		{B25AF521-5C6F-44FD-B4BD-C87A1E1DE12E} = {939C41B6-A50A-4373-B9FA-19C101E892A6}
		{83FFF55E-A7E3-434E-A76E-C9CA8E8EAF5E} = {F82CB4CC-E413-49DE-8087-B6FE70A5666B}
		{255D25F7-8A2D-4C56-9139-0DEC46DBB45C} = {F82CB4CC-E413-49DE-8087-B6FE70A5666B}
		{F40A01A1-2F85-46D3-ADC3-93A8BBC2474B} = {D27BAE84-3B4E-430A-B18F-5BAD45AA3F6D}
		{6D66B2C2-DF51-4641-BD15-BF06F2341BDE} = {D27BAE84-3B4E-430A-B18F-5BAD45AA3F6D}
		{C1C9E81A-6D99-46A8-8555-C8DCB3ABB0E9} = {BBCF52F1-3E1D-4AF6-9357-7DBB013A0538}
		{25A194BA-D7A4-4FFC-AC27-059525F40033} = {BBCF52F1-3E1D-4AF6-9357-7DBB013A0538}
		{B647B436-05D5-4113-AEB6-FB6CBDB27849} = {C4CA5383-C9D8-4436-8906-9EA6B54E4FC1}
		{D5BFECAF-151A-48B5-B17F-38F5BF561151} = {7E6CD1E6-51FF-499D-AFF3-3D5FECA23FD2}
		{21CB73CE-AE7D-417C-8A9D-B3F5ABA6CEC6} = {29053304-9593-486D-8EAE-8708E94E5CAB}
		{1292BD60-2307-4AED-9F5D-857E07A3CB5C} = {B647B436-05D5-4113-AEB6-FB6CBDB27849}
		{5E8851A3-D327-417C-9E60-7D0D12BF106C} = {19CEAF2E-0461-48D0-A1D0-E69AB845614B}
		{21BBE37D-FFA8-4068-912A-356533D89972} = {5E8851A3-D327-417C-9E60-7D0D12BF106C}
		{51BD6602-0109-49B9-A5AF-3F1336046592} = {843E511A-9F81-4E37-8646-8A7B810B179F}
		{536F9E2A-CF23-4C99-980A-3CAE22D244EA} = {843E511A-9F81-4E37-8646-8A7B810B179F}
	EndGlobalSection
	GlobalSection(ProjectConfigurationPlatforms) = postSolution
		{59B6732E-6E45-4F92-AECE-39844F69504A}.Debug|Any CPU.ActiveCfg = Debug|Any CPU
		{59B6732E-6E45-4F92-AECE-39844F69504A}.Debug|Any CPU.Build.0 = Debug|Any CPU
		{59B6732E-6E45-4F92-AECE-39844F69504A}.Release|Any CPU.ActiveCfg = Release|Any CPU
		{59B6732E-6E45-4F92-AECE-39844F69504A}.Release|Any CPU.Build.0 = Release|Any CPU
		{97F07244-BC97-4618-960C-54AAD3B5CDC9}.Debug|Any CPU.ActiveCfg = Debug|Any CPU
		{97F07244-BC97-4618-960C-54AAD3B5CDC9}.Debug|Any CPU.Build.0 = Debug|Any CPU
		{97F07244-BC97-4618-960C-54AAD3B5CDC9}.Release|Any CPU.ActiveCfg = Release|Any CPU
		{97F07244-BC97-4618-960C-54AAD3B5CDC9}.Release|Any CPU.Build.0 = Release|Any CPU
		{E1CD3CD4-E374-4F1C-A2E4-7F2CAB116E1D}.Debug|Any CPU.ActiveCfg = Debug|Any CPU
		{E1CD3CD4-E374-4F1C-A2E4-7F2CAB116E1D}.Debug|Any CPU.Build.0 = Debug|Any CPU
		{E1CD3CD4-E374-4F1C-A2E4-7F2CAB116E1D}.Release|Any CPU.ActiveCfg = Release|Any CPU
		{E1CD3CD4-E374-4F1C-A2E4-7F2CAB116E1D}.Release|Any CPU.Build.0 = Release|Any CPU
		{8E2D7339-6AEE-42D7-B0D2-31D06445738D}.Debug|Any CPU.ActiveCfg = Debug|Any CPU
		{8E2D7339-6AEE-42D7-B0D2-31D06445738D}.Debug|Any CPU.Build.0 = Debug|Any CPU
		{8E2D7339-6AEE-42D7-B0D2-31D06445738D}.Release|Any CPU.ActiveCfg = Release|Any CPU
		{8E2D7339-6AEE-42D7-B0D2-31D06445738D}.Release|Any CPU.Build.0 = Release|Any CPU
		{61DE2904-13D0-4D46-B94B-ED59F47EF3D0}.Debug|Any CPU.ActiveCfg = Debug|Any CPU
		{61DE2904-13D0-4D46-B94B-ED59F47EF3D0}.Debug|Any CPU.Build.0 = Debug|Any CPU
		{61DE2904-13D0-4D46-B94B-ED59F47EF3D0}.Release|Any CPU.ActiveCfg = Release|Any CPU
		{61DE2904-13D0-4D46-B94B-ED59F47EF3D0}.Release|Any CPU.Build.0 = Release|Any CPU
		{4A8EEFB4-AA30-4474-AE59-357B5A44E5B9}.Debug|Any CPU.ActiveCfg = Debug|Any CPU
		{4A8EEFB4-AA30-4474-AE59-357B5A44E5B9}.Debug|Any CPU.Build.0 = Debug|Any CPU
		{4A8EEFB4-AA30-4474-AE59-357B5A44E5B9}.Release|Any CPU.ActiveCfg = Release|Any CPU
		{4A8EEFB4-AA30-4474-AE59-357B5A44E5B9}.Release|Any CPU.Build.0 = Release|Any CPU
		{4DF4FF1E-A906-4911-9A7E-2C400FC1964E}.Debug|Any CPU.ActiveCfg = Debug|Any CPU
		{4DF4FF1E-A906-4911-9A7E-2C400FC1964E}.Debug|Any CPU.Build.0 = Debug|Any CPU
		{4DF4FF1E-A906-4911-9A7E-2C400FC1964E}.Release|Any CPU.ActiveCfg = Release|Any CPU
		{4DF4FF1E-A906-4911-9A7E-2C400FC1964E}.Release|Any CPU.Build.0 = Release|Any CPU
		{5CD3402E-B376-46B0-9B78-7160E648FF9A}.Debug|Any CPU.ActiveCfg = Debug|Any CPU
		{5CD3402E-B376-46B0-9B78-7160E648FF9A}.Debug|Any CPU.Build.0 = Debug|Any CPU
		{5CD3402E-B376-46B0-9B78-7160E648FF9A}.Release|Any CPU.ActiveCfg = Release|Any CPU
		{5CD3402E-B376-46B0-9B78-7160E648FF9A}.Release|Any CPU.Build.0 = Release|Any CPU
		{2F34BD4E-EAC3-4030-8DFE-47573B477376}.Debug|Any CPU.ActiveCfg = Debug|Any CPU
		{2F34BD4E-EAC3-4030-8DFE-47573B477376}.Debug|Any CPU.Build.0 = Debug|Any CPU
		{2F34BD4E-EAC3-4030-8DFE-47573B477376}.Release|Any CPU.ActiveCfg = Release|Any CPU
		{2F34BD4E-EAC3-4030-8DFE-47573B477376}.Release|Any CPU.Build.0 = Release|Any CPU
		{4B4EA906-519C-4D2D-97C8-2F7616E7D281}.Debug|Any CPU.ActiveCfg = Debug|Any CPU
		{4B4EA906-519C-4D2D-97C8-2F7616E7D281}.Debug|Any CPU.Build.0 = Debug|Any CPU
		{4B4EA906-519C-4D2D-97C8-2F7616E7D281}.Release|Any CPU.ActiveCfg = Release|Any CPU
		{4B4EA906-519C-4D2D-97C8-2F7616E7D281}.Release|Any CPU.Build.0 = Release|Any CPU
		{4E14810F-7E78-4977-BB6A-377577921D1C}.Debug|Any CPU.ActiveCfg = Debug|Any CPU
		{4E14810F-7E78-4977-BB6A-377577921D1C}.Debug|Any CPU.Build.0 = Debug|Any CPU
		{4E14810F-7E78-4977-BB6A-377577921D1C}.Release|Any CPU.ActiveCfg = Release|Any CPU
		{4E14810F-7E78-4977-BB6A-377577921D1C}.Release|Any CPU.Build.0 = Release|Any CPU
		{0C7CFEB6-4FB7-4E65-8EDF-FB1FEEE9D67D}.Debug|Any CPU.ActiveCfg = Debug|Any CPU
		{0C7CFEB6-4FB7-4E65-8EDF-FB1FEEE9D67D}.Debug|Any CPU.Build.0 = Debug|Any CPU
		{0C7CFEB6-4FB7-4E65-8EDF-FB1FEEE9D67D}.Release|Any CPU.ActiveCfg = Release|Any CPU
		{0C7CFEB6-4FB7-4E65-8EDF-FB1FEEE9D67D}.Release|Any CPU.Build.0 = Release|Any CPU
		{3F9860FB-A26A-4EB0-90AC-B09A84BE3D7A}.Debug|Any CPU.ActiveCfg = Debug|Any CPU
		{3F9860FB-A26A-4EB0-90AC-B09A84BE3D7A}.Debug|Any CPU.Build.0 = Debug|Any CPU
		{3F9860FB-A26A-4EB0-90AC-B09A84BE3D7A}.Release|Any CPU.ActiveCfg = Release|Any CPU
		{3F9860FB-A26A-4EB0-90AC-B09A84BE3D7A}.Release|Any CPU.Build.0 = Release|Any CPU
		{372349DA-594E-4DF1-8189-507A55551DE6}.Debug|Any CPU.ActiveCfg = Debug|Any CPU
		{372349DA-594E-4DF1-8189-507A55551DE6}.Debug|Any CPU.Build.0 = Debug|Any CPU
		{372349DA-594E-4DF1-8189-507A55551DE6}.Release|Any CPU.ActiveCfg = Release|Any CPU
		{372349DA-594E-4DF1-8189-507A55551DE6}.Release|Any CPU.Build.0 = Release|Any CPU
		{B25AF521-5C6F-44FD-B4BD-C87A1E1DE12E}.Debug|Any CPU.ActiveCfg = Debug|Any CPU
		{B25AF521-5C6F-44FD-B4BD-C87A1E1DE12E}.Debug|Any CPU.Build.0 = Debug|Any CPU
		{B25AF521-5C6F-44FD-B4BD-C87A1E1DE12E}.Release|Any CPU.ActiveCfg = Release|Any CPU
		{B25AF521-5C6F-44FD-B4BD-C87A1E1DE12E}.Release|Any CPU.Build.0 = Release|Any CPU
		{83FFF55E-A7E3-434E-A76E-C9CA8E8EAF5E}.Debug|Any CPU.ActiveCfg = Debug|Any CPU
		{83FFF55E-A7E3-434E-A76E-C9CA8E8EAF5E}.Debug|Any CPU.Build.0 = Debug|Any CPU
		{83FFF55E-A7E3-434E-A76E-C9CA8E8EAF5E}.Release|Any CPU.ActiveCfg = Release|Any CPU
		{83FFF55E-A7E3-434E-A76E-C9CA8E8EAF5E}.Release|Any CPU.Build.0 = Release|Any CPU
		{255D25F7-8A2D-4C56-9139-0DEC46DBB45C}.Debug|Any CPU.ActiveCfg = Debug|Any CPU
		{255D25F7-8A2D-4C56-9139-0DEC46DBB45C}.Debug|Any CPU.Build.0 = Debug|Any CPU
		{255D25F7-8A2D-4C56-9139-0DEC46DBB45C}.Release|Any CPU.ActiveCfg = Release|Any CPU
		{255D25F7-8A2D-4C56-9139-0DEC46DBB45C}.Release|Any CPU.Build.0 = Release|Any CPU
		{F40A01A1-2F85-46D3-ADC3-93A8BBC2474B}.Debug|Any CPU.ActiveCfg = Debug|Any CPU
		{F40A01A1-2F85-46D3-ADC3-93A8BBC2474B}.Debug|Any CPU.Build.0 = Debug|Any CPU
		{F40A01A1-2F85-46D3-ADC3-93A8BBC2474B}.Release|Any CPU.ActiveCfg = Release|Any CPU
		{F40A01A1-2F85-46D3-ADC3-93A8BBC2474B}.Release|Any CPU.Build.0 = Release|Any CPU
		{6D66B2C2-DF51-4641-BD15-BF06F2341BDE}.Debug|Any CPU.ActiveCfg = Debug|Any CPU
		{6D66B2C2-DF51-4641-BD15-BF06F2341BDE}.Debug|Any CPU.Build.0 = Debug|Any CPU
		{6D66B2C2-DF51-4641-BD15-BF06F2341BDE}.Release|Any CPU.ActiveCfg = Release|Any CPU
		{6D66B2C2-DF51-4641-BD15-BF06F2341BDE}.Release|Any CPU.Build.0 = Release|Any CPU
		{C1C9E81A-6D99-46A8-8555-C8DCB3ABB0E9}.Debug|Any CPU.ActiveCfg = Debug|Any CPU
		{C1C9E81A-6D99-46A8-8555-C8DCB3ABB0E9}.Debug|Any CPU.Build.0 = Debug|Any CPU
		{C1C9E81A-6D99-46A8-8555-C8DCB3ABB0E9}.Release|Any CPU.ActiveCfg = Release|Any CPU
		{C1C9E81A-6D99-46A8-8555-C8DCB3ABB0E9}.Release|Any CPU.Build.0 = Release|Any CPU
		{25A194BA-D7A4-4FFC-AC27-059525F40033}.Debug|Any CPU.ActiveCfg = Debug|Any CPU
		{25A194BA-D7A4-4FFC-AC27-059525F40033}.Debug|Any CPU.Build.0 = Debug|Any CPU
		{25A194BA-D7A4-4FFC-AC27-059525F40033}.Release|Any CPU.ActiveCfg = Release|Any CPU
		{25A194BA-D7A4-4FFC-AC27-059525F40033}.Release|Any CPU.Build.0 = Release|Any CPU
		{D5BFECAF-151A-48B5-B17F-38F5BF561151}.Debug|Any CPU.ActiveCfg = Debug|Any CPU
		{D5BFECAF-151A-48B5-B17F-38F5BF561151}.Debug|Any CPU.Build.0 = Debug|Any CPU
		{D5BFECAF-151A-48B5-B17F-38F5BF561151}.Release|Any CPU.ActiveCfg = Release|Any CPU
		{D5BFECAF-151A-48B5-B17F-38F5BF561151}.Release|Any CPU.Build.0 = Release|Any CPU
		{21CB73CE-AE7D-417C-8A9D-B3F5ABA6CEC6}.Debug|Any CPU.ActiveCfg = Debug|Any CPU
		{21CB73CE-AE7D-417C-8A9D-B3F5ABA6CEC6}.Debug|Any CPU.Build.0 = Debug|Any CPU
		{21CB73CE-AE7D-417C-8A9D-B3F5ABA6CEC6}.Release|Any CPU.ActiveCfg = Release|Any CPU
		{21CB73CE-AE7D-417C-8A9D-B3F5ABA6CEC6}.Release|Any CPU.Build.0 = Release|Any CPU
		{1292BD60-2307-4AED-9F5D-857E07A3CB5C}.Debug|Any CPU.ActiveCfg = Debug|Any CPU
		{1292BD60-2307-4AED-9F5D-857E07A3CB5C}.Debug|Any CPU.Build.0 = Debug|Any CPU
		{1292BD60-2307-4AED-9F5D-857E07A3CB5C}.Release|Any CPU.ActiveCfg = Release|Any CPU
		{1292BD60-2307-4AED-9F5D-857E07A3CB5C}.Release|Any CPU.Build.0 = Release|Any CPU
		{51BD6602-0109-49B9-A5AF-3F1336046592}.Debug|Any CPU.ActiveCfg = Debug|Any CPU
		{51BD6602-0109-49B9-A5AF-3F1336046592}.Debug|Any CPU.Build.0 = Debug|Any CPU
		{51BD6602-0109-49B9-A5AF-3F1336046592}.Release|Any CPU.ActiveCfg = Release|Any CPU
		{51BD6602-0109-49B9-A5AF-3F1336046592}.Release|Any CPU.Build.0 = Release|Any CPU
		{536F9E2A-CF23-4C99-980A-3CAE22D244EA}.Debug|Any CPU.ActiveCfg = Debug|Any CPU
		{536F9E2A-CF23-4C99-980A-3CAE22D244EA}.Debug|Any CPU.Build.0 = Debug|Any CPU
		{536F9E2A-CF23-4C99-980A-3CAE22D244EA}.Release|Any CPU.ActiveCfg = Release|Any CPU
		{536F9E2A-CF23-4C99-980A-3CAE22D244EA}.Release|Any CPU.Build.0 = Release|Any CPU
	EndGlobalSection
EndGlobal
